{
  "name": "led-sign-generator",
  "lockfileVersion": 3,
  "requires": true,
  "packages": {
    "": {
      "name": "led-sign-generator",
      "dependencies": {
        "fflate": "0.8.2",
        "openscad-wasm": "0.0.4"
      }
    },
    "node_modules/fflate": {
      "version": "0.8.2",
      "resolved": "https://registry.npmjs.org/fflate/-/fflate-0.8.2.tgz",
      "integrity": "sha512-cPJU47OaAoCbg0pBvzsgpTPhmhqI5eJjh/JIu8tPj5q+T7iLvW/JAYUqmE7KOB4R1ZyEhzBaIQpQpardBF5z8A==",
      "license": "MIT"
    },
    "node_modules/openscad-wasm": {
      "version": "0.0.4",
      "resolved": "https://registry.npmjs.org/openscad-wasm/-/openscad-wasm-0.0.4.tgz",
      "integrity": "sha512-ChYe3cgL4JBstRVrR6XnhvF/4E9EsFR1kmGks7eTIT2awSMYVkoeYmFLt80h4V4J/DPIJw106MhIiIv6V9XpLA==",
      "license": "GPL-2.0"
    }
  }
}
